
Microsoft Visual Studio Solution File, Format Version 12.00
# Visual Studio Version 16
VisualStudioVersion = 16.0.34114.132
MinimumVisualStudioVersion = 10.0.40219.1
Project("{FAE04EC0-301F-11D3-BF4B-00C04F79EFBC}") = "AcunMedyaAkademiPortfolyo", "AcunMedyaAkademiPortfolyo\AcunMedyaAkademiPortfolyo.csproj", "{569BCD23-3B95-455E-8133-CD53C85D2380}"
EndProject
Global
	GlobalSection(SolutionConfigurationPlatforms) = preSolution
		Debug|Any CPU = Debug|Any CPU
		Release|Any CPU = Release|Any CPU
	EndGlobalSection
	GlobalSection(ProjectConfigurationPlatforms) = postSolution
		{569BCD23-3B95-455E-8133-CD53C85D2380}.Debug|Any CPU.ActiveCfg = Debug|Any CPU
		{569BCD23-3B95-455E-8133-CD53C85D2380}.Debug|Any CPU.Build.0 = Debug|Any CPU
		{569BCD23-3B95-455E-8133-CD53C85D2380}.Release|Any CPU.ActiveCfg = Release|Any CPU
		{569BCD23-3B95-455E-8133-CD53C85D2380}.Release|Any CPU.Build.0 = Release|Any CPU
	EndGlobalSection
	GlobalSection(SolutionProperties) = preSolution
		HideSolutionNode = FALSE
	EndGlobalSection
	GlobalSection(ExtensibilityGlobals) = postSolution
		SolutionGuid = {7A9E2F84-4C70-4A5F-97DB-4BF8296729ED}
	EndGlobalSection
EndGlobal
